
Microsoft Visual Studio Solution File, Format Version 12.00
# Visual Studio 15
VisualStudioVersion = 15.0.28307.1209
MinimumVisualStudioVersion = 10.0.40219.1
Project("{FAE04EC0-301F-11D3-BF4B-00C04F79EFBC}") = "Хранилище паролей", "Хранилище паролей\Хранилище паролей.csproj", "{906EB85B-C18B-4634-8964-B276E537ACAE}"
EndProject
Global
	GlobalSection(SolutionConfigurationPlatforms) = preSolution
		Debug|Any CPU = Debug|Any CPU
		Release|Any CPU = Release|Any CPU
	EndGlobalSection
	GlobalSection(ProjectConfigurationPlatforms) = postSolution
		{906EB85B-C18B-4634-8964-B276E537ACAE}.Debug|Any CPU.ActiveCfg = Debug|Any CPU
		{906EB85B-C18B-4634-8964-B276E537ACAE}.Debug|Any CPU.Build.0 = Debug|Any CPU
		{906EB85B-C18B-4634-8964-B276E537ACAE}.Debug|Any CPU.Deploy.0 = Debug|Any CPU
		{906EB85B-C18B-4634-8964-B276E537ACAE}.Release|Any CPU.ActiveCfg = Release|Any CPU
		{906EB85B-C18B-4634-8964-B276E537ACAE}.Release|Any CPU.Build.0 = Release|Any CPU
		{906EB85B-C18B-4634-8964-B276E537ACAE}.Release|Any CPU.Deploy.0 = Release|Any CPU
	EndGlobalSection
	GlobalSection(SolutionProperties) = preSolution
		HideSolutionNode = FALSE
	EndGlobalSection
	GlobalSection(ExtensibilityGlobals) = postSolution
		SolutionGuid = {55F187F8-9B94-4506-8287-A071D5510CD4}
	EndGlobalSection
EndGlobal
